// !$*UTF8*$!
{
	archiveVersion = 1;
	classes = {
	};
	objectVersion = 56;
	objects = {

/* Begin PBXBuildFile section */
		5300C4A22CC57ADD000E43EB /* FilterChatCollectionViewCell.swift in Sources */ = {isa = PBXBuildFile; fileRef = 5300C4A12CC57ADD000E43EB /* FilterChatCollectionViewCell.swift */; };
		532BB43F2CC1848D001D4762 /* NavigationBarButton.swift in Sources */ = {isa = PBXBuildFile; fileRef = 532BB43E2CC1848D001D4762 /* NavigationBarButton.swift */; };
		533276D22CDBB511003BAFFA /* WhatsAppServiceTests.swift in Sources */ = {isa = PBXBuildFile; fileRef = 533276D12CDBB511003BAFFA /* WhatsAppServiceTests.swift */; };
		533276D52CDBD90C003BAFFA /* URLProtocolMock.swift in Sources */ = {isa = PBXBuildFile; fileRef = 533276D42CDBD90C003BAFFA /* URLProtocolMock.swift */; };
		533276D82CDC0FE7003BAFFA /* JsonStringChatResponse.swift in Sources */ = {isa = PBXBuildFile; fileRef = 533276D72CDC0FE7003BAFFA /* JsonStringChatResponse.swift */; };
		53352B332CDA8E3F00886AB0 /* WhatsAppServiceSpy.swift in Sources */ = {isa = PBXBuildFile; fileRef = 53352B322CDA8E3F00886AB0 /* WhatsAppServiceSpy.swift */; };
		53352B382CDA9AD900886AB0 /* TalkFixtures.swift in Sources */ = {isa = PBXBuildFile; fileRef = 53352B372CDA9AD900886AB0 /* TalkFixtures.swift */; };
		5365FDE02CDA8D5600E5CCE3 /* ChatsViewModelTests.swift in Sources */ = {isa = PBXBuildFile; fileRef = 5365FDDF2CDA8D5600E5CCE3 /* ChatsViewModelTests.swift */; };
		53881D8E2CBDA6B200C5D4FE /* Colors.swift in Sources */ = {isa = PBXBuildFile; fileRef = 53881D8D2CBDA6B200C5D4FE /* Colors.swift */; };
		538992A32CBDB62400FED179 /* TabBarItem.swift in Sources */ = {isa = PBXBuildFile; fileRef = 538992A22CBDB62400FED179 /* TabBarItem.swift */; };
		538F64ED2CD53B0200ECE7A9 /* FilterChatCollectionViewDelegate.swift in Sources */ = {isa = PBXBuildFile; fileRef = 538F64EC2CD53B0200ECE7A9 /* FilterChatCollectionViewDelegate.swift */; };
		539051F02CC8099F00ADD262 /* FooterTableView.swift in Sources */ = {isa = PBXBuildFile; fileRef = 539051EF2CC8099F00ADD262 /* FooterTableView.swift */; };
		539051F32CC8289000ADD262 /* MessagesViewController.swift in Sources */ = {isa = PBXBuildFile; fileRef = 539051F22CC8289000ADD262 /* MessagesViewController.swift */; };
		539051F72CC82A5100ADD262 /* ChatsViewControllerDelegate.swift in Sources */ = {isa = PBXBuildFile; fileRef = 539051F62CC82A5100ADD262 /* ChatsViewControllerDelegate.swift */; };
		5393FC9C2CBD810E00BF22D7 /* TabBarViewController.swift in Sources */ = {isa = PBXBuildFile; fileRef = 5393FC9B2CBD810E00BF22D7 /* TabBarViewController.swift */; };
		5393FC9F2CBD92C800BF22D7 /* Images.swift in Sources */ = {isa = PBXBuildFile; fileRef = 5393FC9E2CBD92C800BF22D7 /* Images.swift */; };
		53BD41402CC96D5D00CDCD76 /* CustomGroupPhotoNameNavigationBarView.swift in Sources */ = {isa = PBXBuildFile; fileRef = 53BD413F2CC96D5D00CDCD76 /* CustomGroupPhotoNameNavigationBarView.swift */; };
		53BD41422CC9865700CDCD76 /* MessagesView.swift in Sources */ = {isa = PBXBuildFile; fileRef = 53BD41412CC9865700CDCD76 /* MessagesView.swift */; };
		53D076AA2CC02A65002F8F75 /* UIImage+extensions.swift in Sources */ = {isa = PBXBuildFile; fileRef = 53D076A92CC02A65002F8F75 /* UIImage+extensions.swift */; };
		53D076AD2CC035B2002F8F75 /* CustomButtonsView.swift in Sources */ = {isa = PBXBuildFile; fileRef = 53D076AC2CC035B2002F8F75 /* CustomButtonsView.swift */; };
		53D076AF2CC042D2002F8F75 /* CustomBarNavigationButton.swift in Sources */ = {isa = PBXBuildFile; fileRef = 53D076AE2CC042D2002F8F75 /* CustomBarNavigationButton.swift */; };
		53E737BE2CD404A9008D9FAE /* URLRequestProtocol.swift in Sources */ = {isa = PBXBuildFile; fileRef = 53E737BD2CD404A9008D9FAE /* URLRequestProtocol.swift */; };
		53E737C02CD404E4008D9FAE /* HTTPMethod.swift in Sources */ = {isa = PBXBuildFile; fileRef = 53E737BF2CD404E4008D9FAE /* HTTPMethod.swift */; };
		53E737C22CD40560008D9FAE /* Request.swift in Sources */ = {isa = PBXBuildFile; fileRef = 53E737C12CD40560008D9FAE /* Request.swift */; };
		53E737C42CD405E2008D9FAE /* Environment.swift in Sources */ = {isa = PBXBuildFile; fileRef = 53E737C32CD405E2008D9FAE /* Environment.swift */; };
		53E737C72CD40615008D9FAE /* Constants.swift in Sources */ = {isa = PBXBuildFile; fileRef = 53E737C62CD40615008D9FAE /* Constants.swift */; };
		53E737C92CD4085F008D9FAE /* WhatsAppServiceProtocol.swift in Sources */ = {isa = PBXBuildFile; fileRef = 53E737C82CD4085F008D9FAE /* WhatsAppServiceProtocol.swift */; };
		53E737CC2CD41CA4008D9FAE /* ChatsViewModelProtocol.swift in Sources */ = {isa = PBXBuildFile; fileRef = 53E737CB2CD41CA4008D9FAE /* ChatsViewModelProtocol.swift */; };
		53E737CE2CD41D2D008D9FAE /* ChatsViewModel.swift in Sources */ = {isa = PBXBuildFile; fileRef = 53E737CD2CD41D2D008D9FAE /* ChatsViewModel.swift */; };
		53F48CF22CC6E564009A7FAF /* FilterChatCollectionView.swift in Sources */ = {isa = PBXBuildFile; fileRef = 53F48CF12CC6E564009A7FAF /* FilterChatCollectionView.swift */; };
		53F5F5242CBC384200DE6366 /* AppDelegate.swift in Sources */ = {isa = PBXBuildFile; fileRef = 53F5F5232CBC384200DE6366 /* AppDelegate.swift */; };
		53F5F5262CBC384200DE6366 /* SceneDelegate.swift in Sources */ = {isa = PBXBuildFile; fileRef = 53F5F5252CBC384200DE6366 /* SceneDelegate.swift */; };
		53F5F5282CBC384200DE6366 /* ChatsViewController.swift in Sources */ = {isa = PBXBuildFile; fileRef = 53F5F5272CBC384200DE6366 /* ChatsViewController.swift */; };
		53F5F52D2CBC384300DE6366 /* Assets.xcassets in Resources */ = {isa = PBXBuildFile; fileRef = 53F5F52C2CBC384300DE6366 /* Assets.xcassets */; };
		53F5F5302CBC384300DE6366 /* Base in Resources */ = {isa = PBXBuildFile; fileRef = 53F5F52F2CBC384300DE6366 /* Base */; };
		53F5F53C2CBC3A1B00DE6366 /* ViewCode.swift in Sources */ = {isa = PBXBuildFile; fileRef = 53F5F53B2CBC3A1B00DE6366 /* ViewCode.swift */; };
		53F5F53E2CBC3AE800DE6366 /* ChatsView.swift in Sources */ = {isa = PBXBuildFile; fileRef = 53F5F53D2CBC3AE800DE6366 /* ChatsView.swift */; };
		53F5F5422CBC434800DE6366 /* ChatTableViewCell.swift in Sources */ = {isa = PBXBuildFile; fileRef = 53F5F5412CBC434800DE6366 /* ChatTableViewCell.swift */; };
		53F5F5442CBC4C7D00DE6366 /* UIView+extensions.swift in Sources */ = {isa = PBXBuildFile; fileRef = 53F5F5432CBC4C7D00DE6366 /* UIView+extensions.swift */; };
		53F5F5462CBC4D2900DE6366 /* UIStackView+extensions.swift in Sources */ = {isa = PBXBuildFile; fileRef = 53F5F5452CBC4D2900DE6366 /* UIStackView+extensions.swift */; };
		53F5F5492CBC57E300DE6366 /* Talk.swift in Sources */ = {isa = PBXBuildFile; fileRef = 53F5F5482CBC57E300DE6366 /* Talk.swift */; };
		53F5F54C2CBC594D00DE6366 /* WhatsAppService.swift in Sources */ = {isa = PBXBuildFile; fileRef = 53F5F54B2CBC594D00DE6366 /* WhatsAppService.swift */; };
		53F5F54E2CBC5F4400DE6366 /* UImageView+extensions.swift in Sources */ = {isa = PBXBuildFile; fileRef = 53F5F54D2CBC5F4400DE6366 /* UImageView+extensions.swift */; };
/* End PBXBuildFile section */

/* Begin PBXContainerItemProxy section */
		5394C5222CD94A1A00B02739 /* PBXContainerItemProxy */ = {
			isa = PBXContainerItemProxy;
			containerPortal = 53F5F5182CBC384200DE6366 /* Project object */;
			proxyType = 1;
			remoteGlobalIDString = 53F5F51F2CBC384200DE6366;
			remoteInfo = whatsAppClone;
		};
/* End PBXContainerItemProxy section */

/* Begin PBXFileReference section */
		5300C4A12CC57ADD000E43EB /* FilterChatCollectionViewCell.swift */ = {isa = PBXFileReference; lastKnownFileType = sourcecode.swift; path = FilterChatCollectionViewCell.swift; sourceTree = "<group>"; };
		532BB43E2CC1848D001D4762 /* NavigationBarButton.swift */ = {isa = PBXFileReference; lastKnownFileType = sourcecode.swift; path = NavigationBarButton.swift; sourceTree = "<group>"; };
		533276D12CDBB511003BAFFA /* WhatsAppServiceTests.swift */ = {isa = PBXFileReference; lastKnownFileType = sourcecode.swift; name = WhatsAppServiceTests.swift; path = ../../../../../../WhatsAppServiceTests.swift; sourceTree = "<group>"; };
		533276D42CDBD90C003BAFFA /* URLProtocolMock.swift */ = {isa = PBXFileReference; lastKnownFileType = sourcecode.swift; name = URLProtocolMock.swift; path = ../../../../../../URLProtocolMock.swift; sourceTree = "<group>"; };
		533276D72CDC0FE7003BAFFA /* JsonStringChatResponse.swift */ = {isa = PBXFileReference; lastKnownFileType = sourcecode.swift; name = JsonStringChatResponse.swift; path = ../../../../../../JsonStringChatResponse.swift; sourceTree = "<group>"; };
		53352B322CDA8E3F00886AB0 /* WhatsAppServiceSpy.swift */ = {isa = PBXFileReference; lastKnownFileType = sourcecode.swift; path = WhatsAppServiceSpy.swift; sourceTree = "<group>"; };
		53352B372CDA9AD900886AB0 /* TalkFixtures.swift */ = {isa = PBXFileReference; lastKnownFileType = sourcecode.swift; path = TalkFixtures.swift; sourceTree = "<group>"; };
		5365FDDF2CDA8D5600E5CCE3 /* ChatsViewModelTests.swift */ = {isa = PBXFileReference; lastKnownFileType = sourcecode.swift; path = ChatsViewModelTests.swift; sourceTree = "<group>"; };
		53881D8D2CBDA6B200C5D4FE /* Colors.swift */ = {isa = PBXFileReference; lastKnownFileType = sourcecode.swift; path = Colors.swift; sourceTree = "<group>"; };
		538992A22CBDB62400FED179 /* TabBarItem.swift */ = {isa = PBXFileReference; lastKnownFileType = sourcecode.swift; path = TabBarItem.swift; sourceTree = "<group>"; };
		538F64EC2CD53B0200ECE7A9 /* FilterChatCollectionViewDelegate.swift */ = {isa = PBXFileReference; lastKnownFileType = sourcecode.swift; path = FilterChatCollectionViewDelegate.swift; sourceTree = "<group>"; };
		539051EF2CC8099F00ADD262 /* FooterTableView.swift */ = {isa = PBXFileReference; lastKnownFileType = sourcecode.swift; path = FooterTableView.swift; sourceTree = "<group>"; };
		539051F22CC8289000ADD262 /* MessagesViewController.swift */ = {isa = PBXFileReference; lastKnownFileType = sourcecode.swift; path = MessagesViewController.swift; sourceTree = "<group>"; };
		539051F62CC82A5100ADD262 /* ChatsViewControllerDelegate.swift */ = {isa = PBXFileReference; lastKnownFileType = sourcecode.swift; path = ChatsViewControllerDelegate.swift; sourceTree = "<group>"; };
		5393FC9B2CBD810E00BF22D7 /* TabBarViewController.swift */ = {isa = PBXFileReference; lastKnownFileType = sourcecode.swift; path = TabBarViewController.swift; sourceTree = "<group>"; };
		5393FC9E2CBD92C800BF22D7 /* Images.swift */ = {isa = PBXFileReference; lastKnownFileType = sourcecode.swift; path = Images.swift; sourceTree = "<group>"; };
		5394C51E2CD94A1A00B02739 /* whatsAppCloneTests.xctest */ = {isa = PBXFileReference; explicitFileType = wrapper.cfbundle; includeInIndex = 0; path = whatsAppCloneTests.xctest; sourceTree = BUILT_PRODUCTS_DIR; };
		53BD413F2CC96D5D00CDCD76 /* CustomGroupPhotoNameNavigationBarView.swift */ = {isa = PBXFileReference; lastKnownFileType = sourcecode.swift; path = CustomGroupPhotoNameNavigationBarView.swift; sourceTree = "<group>"; };
		53BD41412CC9865700CDCD76 /* MessagesView.swift */ = {isa = PBXFileReference; lastKnownFileType = sourcecode.swift; path = MessagesView.swift; sourceTree = "<group>"; };
		53D076A92CC02A65002F8F75 /* UIImage+extensions.swift */ = {isa = PBXFileReference; lastKnownFileType = sourcecode.swift; path = "UIImage+extensions.swift"; sourceTree = "<group>"; };
		53D076AC2CC035B2002F8F75 /* CustomButtonsView.swift */ = {isa = PBXFileReference; lastKnownFileType = sourcecode.swift; path = CustomButtonsView.swift; sourceTree = "<group>"; };
		53D076AE2CC042D2002F8F75 /* CustomBarNavigationButton.swift */ = {isa = PBXFileReference; lastKnownFileType = sourcecode.swift; path = CustomBarNavigationButton.swift; sourceTree = "<group>"; };
		53E737BD2CD404A9008D9FAE /* URLRequestProtocol.swift */ = {isa = PBXFileReference; lastKnownFileType = sourcecode.swift; path = URLRequestProtocol.swift; sourceTree = "<group>"; };
		53E737BF2CD404E4008D9FAE /* HTTPMethod.swift */ = {isa = PBXFileReference; lastKnownFileType = sourcecode.swift; path = HTTPMethod.swift; sourceTree = "<group>"; };
		53E737C12CD40560008D9FAE /* Request.swift */ = {isa = PBXFileReference; lastKnownFileType = sourcecode.swift; path = Request.swift; sourceTree = "<group>"; };
		53E737C32CD405E2008D9FAE /* Environment.swift */ = {isa = PBXFileReference; lastKnownFileType = sourcecode.swift; path = Environment.swift; sourceTree = "<group>"; };
		53E737C62CD40615008D9FAE /* Constants.swift */ = {isa = PBXFileReference; lastKnownFileType = sourcecode.swift; path = Constants.swift; sourceTree = "<group>"; };
		53E737C82CD4085F008D9FAE /* WhatsAppServiceProtocol.swift */ = {isa = PBXFileReference; lastKnownFileType = sourcecode.swift; path = WhatsAppServiceProtocol.swift; sourceTree = "<group>"; };
		53E737CB2CD41CA4008D9FAE /* ChatsViewModelProtocol.swift */ = {isa = PBXFileReference; lastKnownFileType = sourcecode.swift; path = ChatsViewModelProtocol.swift; sourceTree = "<group>"; };
		53E737CD2CD41D2D008D9FAE /* ChatsViewModel.swift */ = {isa = PBXFileReference; lastKnownFileType = sourcecode.swift; path = ChatsViewModel.swift; sourceTree = "<group>"; };
		53F48CF12CC6E564009A7FAF /* FilterChatCollectionView.swift */ = {isa = PBXFileReference; lastKnownFileType = sourcecode.swift; path = FilterChatCollectionView.swift; sourceTree = "<group>"; };
		53F5F5202CBC384200DE6366 /* whatsAppClone.app */ = {isa = PBXFileReference; explicitFileType = wrapper.application; includeInIndex = 0; path = whatsAppClone.app; sourceTree = BUILT_PRODUCTS_DIR; };
		53F5F5232CBC384200DE6366 /* AppDelegate.swift */ = {isa = PBXFileReference; lastKnownFileType = sourcecode.swift; path = AppDelegate.swift; sourceTree = "<group>"; };
		53F5F5252CBC384200DE6366 /* SceneDelegate.swift */ = {isa = PBXFileReference; lastKnownFileType = sourcecode.swift; path = SceneDelegate.swift; sourceTree = "<group>"; };
		53F5F5272CBC384200DE6366 /* ChatsViewController.swift */ = {isa = PBXFileReference; lastKnownFileType = sourcecode.swift; path = ChatsViewController.swift; sourceTree = "<group>"; };
		53F5F52C2CBC384300DE6366 /* Assets.xcassets */ = {isa = PBXFileReference; lastKnownFileType = folder.assetcatalog; path = Assets.xcassets; sourceTree = "<group>"; };
		53F5F52F2CBC384300DE6366 /* Base */ = {isa = PBXFileReference; lastKnownFileType = file.storyboard; name = Base; path = Base.lproj/LaunchScreen.storyboard; sourceTree = "<group>"; };
		53F5F5312CBC384300DE6366 /* Info.plist */ = {isa = PBXFileReference; lastKnownFileType = text.plist.xml; path = Info.plist; sourceTree = "<group>"; };
		53F5F53B2CBC3A1B00DE6366 /* ViewCode.swift */ = {isa = PBXFileReference; lastKnownFileType = sourcecode.swift; path = ViewCode.swift; sourceTree = "<group>"; };
		53F5F53D2CBC3AE800DE6366 /* ChatsView.swift */ = {isa = PBXFileReference; lastKnownFileType = sourcecode.swift; path = ChatsView.swift; sourceTree = "<group>"; };
		53F5F5412CBC434800DE6366 /* ChatTableViewCell.swift */ = {isa = PBXFileReference; lastKnownFileType = sourcecode.swift; path = ChatTableViewCell.swift; sourceTree = "<group>"; };
		53F5F5432CBC4C7D00DE6366 /* UIView+extensions.swift */ = {isa = PBXFileReference; lastKnownFileType = sourcecode.swift; path = "UIView+extensions.swift"; sourceTree = "<group>"; };
		53F5F5452CBC4D2900DE6366 /* UIStackView+extensions.swift */ = {isa = PBXFileReference; lastKnownFileType = sourcecode.swift; path = "UIStackView+extensions.swift"; sourceTree = "<group>"; };
		53F5F5482CBC57E300DE6366 /* Talk.swift */ = {isa = PBXFileReference; lastKnownFileType = sourcecode.swift; path = Talk.swift; sourceTree = "<group>"; };
		53F5F54B2CBC594D00DE6366 /* WhatsAppService.swift */ = {isa = PBXFileReference; lastKnownFileType = sourcecode.swift; path = WhatsAppService.swift; sourceTree = "<group>"; };
		53F5F54D2CBC5F4400DE6366 /* UImageView+extensions.swift */ = {isa = PBXFileReference; lastKnownFileType = sourcecode.swift; path = "UImageView+extensions.swift"; sourceTree = "<group>"; };
/* End PBXFileReference section */

/* Begin PBXFrameworksBuildPhase section */
		5394C51B2CD94A1A00B02739 /* Frameworks */ = {
			isa = PBXFrameworksBuildPhase;
			buildActionMask = 2147483647;
			files = (
			);
			runOnlyForDeploymentPostprocessing = 0;
		};
		53F5F51D2CBC384200DE6366 /* Frameworks */ = {
			isa = PBXFrameworksBuildPhase;
			buildActionMask = 2147483647;
			files = (
			);
			runOnlyForDeploymentPostprocessing = 0;
		};
/* End PBXFrameworksBuildPhase section */

/* Begin PBXGroup section */
		533276CF2CDBB4FE003BAFFA /* Network */ = {
			isa = PBXGroup;
			children = (
				533276D62CDC0F6E003BAFFA /* Fixture */,
				533276D32CDBD8F4003BAFFA /* Mocks */,
				533276D02CDBB506003BAFFA /* Services */,
			);
			path = Network;
			sourceTree = "<group>";
		};
		533276D02CDBB506003BAFFA /* Services */ = {
			isa = PBXGroup;
			children = (
				533276D12CDBB511003BAFFA /* WhatsAppServiceTests.swift */,
			);
			path = Services;
			sourceTree = "<group>";
		};
		533276D32CDBD8F4003BAFFA /* Mocks */ = {
			isa = PBXGroup;
			children = (
				533276D42CDBD90C003BAFFA /* URLProtocolMock.swift */,
			);
			path = Mocks;
			sourceTree = "<group>";
		};
		533276D62CDC0F6E003BAFFA /* Fixture */ = {
			isa = PBXGroup;
			children = (
				533276D72CDC0FE7003BAFFA /* JsonStringChatResponse.swift */,
			);
			path = Fixture;
			sourceTree = "<group>";
		};
		53352B342CDA9AAE00886AB0 /* Fixture */ = {
			isa = PBXGroup;
			children = (
				53352B372CDA9AD900886AB0 /* TalkFixtures.swift */,
			);
			path = Fixture;
			sourceTree = "<group>";
		};
		5365FDDD2CDA8D2C00E5CCE3 /* ViewModels */ = {
			isa = PBXGroup;
			children = (
				5365FDDE2CDA8D3700E5CCE3 /* Chats */,
			);
			path = ViewModels;
			sourceTree = "<group>";
		};
		5365FDDE2CDA8D3700E5CCE3 /* Chats */ = {
			isa = PBXGroup;
			children = (
				53352B342CDA9AAE00886AB0 /* Fixture */,
				5365FDE12CDA8DCA00E5CCE3 /* Doubles */,
				5365FDDF2CDA8D5600E5CCE3 /* ChatsViewModelTests.swift */,
			);
			path = Chats;
			sourceTree = "<group>";
		};
		5365FDE12CDA8DCA00E5CCE3 /* Doubles */ = {
			isa = PBXGroup;
			children = (
				53352B322CDA8E3F00886AB0 /* WhatsAppServiceSpy.swift */,
			);
			path = Doubles;
			sourceTree = "<group>";
		};
		53881D8B2CBDA59B00C5D4FE /* DesignSystem */ = {
			isa = PBXGroup;
			children = (
				5393FC9E2CBD92C800BF22D7 /* Images.swift */,
				53881D8D2CBDA6B200C5D4FE /* Colors.swift */,
			);
			path = DesignSystem;
			sourceTree = "<group>";
		};
		538992A12CBDB60200FED179 /* TabBar */ = {
			isa = PBXGroup;
			children = (
				5393FC9B2CBD810E00BF22D7 /* TabBarViewController.swift */,
				538992A22CBDB62400FED179 /* TabBarItem.swift */,
			);
			path = TabBar;
			sourceTree = "<group>";
		};
		538992A52CBDBCAC00FED179 /* Utils */ = {
			isa = PBXGroup;
			children = (
				53D076AB2CC03591002F8F75 /* Components */,
				53881D8B2CBDA59B00C5D4FE /* DesignSystem */,
			);
			path = Utils;
			sourceTree = "<group>";
		};
		539051F12CC8287200ADD262 /* Messages */ = {
			isa = PBXGroup;
			children = (
				539051F22CC8289000ADD262 /* MessagesViewController.swift */,
				53BD41412CC9865700CDCD76 /* MessagesView.swift */,
			);
			path = Messages;
			sourceTree = "<group>";
		};
		539051F52CC82A3D00ADD262 /* Delegates */ = {
			isa = PBXGroup;
			children = (
				539051F62CC82A5100ADD262 /* ChatsViewControllerDelegate.swift */,
				538F64EC2CD53B0200ECE7A9 /* FilterChatCollectionViewDelegate.swift */,
			);
			path = Delegates;
			sourceTree = "<group>";
		};
		5393FC9D2CBD8D6400BF22D7 /* Resources */ = {
			isa = PBXGroup;
			children = (
				53F5F52C2CBC384300DE6366 /* Assets.xcassets */,
			);
			path = Resources;
			sourceTree = "<group>";
		};
		5394C51F2CD94A1A00B02739 /* whatsAppCloneTests */ = {
			isa = PBXGroup;
			children = (
				533276CF2CDBB4FE003BAFFA /* Network */,
				5365FDDD2CDA8D2C00E5CCE3 /* ViewModels */,
			);
			path = whatsAppCloneTests;
			sourceTree = "<group>";
		};
		53D076AB2CC03591002F8F75 /* Components */ = {
			isa = PBXGroup;
			children = (
				53D076AC2CC035B2002F8F75 /* CustomButtonsView.swift */,
				53D076AE2CC042D2002F8F75 /* CustomBarNavigationButton.swift */,
				532BB43E2CC1848D001D4762 /* NavigationBarButton.swift */,
				539051EF2CC8099F00ADD262 /* FooterTableView.swift */,
				53BD413F2CC96D5D00CDCD76 /* CustomGroupPhotoNameNavigationBarView.swift */,
			);
			path = Components;
			sourceTree = "<group>";
		};
		53E737BB2CD40459008D9FAE /* Network */ = {
			isa = PBXGroup;
			children = (
				53F5F54A2CBC593B00DE6366 /* Services */,
			);
			path = Network;
			sourceTree = "<group>";
		};
		53E737BC2CD4047C008D9FAE /* Requests */ = {
			isa = PBXGroup;
			children = (
				53E737BD2CD404A9008D9FAE /* URLRequestProtocol.swift */,
				53E737BF2CD404E4008D9FAE /* HTTPMethod.swift */,
				53E737C12CD40560008D9FAE /* Request.swift */,
			);
			path = Requests;
			sourceTree = "<group>";
		};
		53E737CA2CD41C97008D9FAE /* ViewModels */ = {
			isa = PBXGroup;
			children = (
				53E737CF2CD41D30008D9FAE /* Chats */,
			);
			path = ViewModels;
			sourceTree = "<group>";
		};
		53E737CF2CD41D30008D9FAE /* Chats */ = {
			isa = PBXGroup;
			children = (
				53E737CB2CD41CA4008D9FAE /* ChatsViewModelProtocol.swift */,
				53E737CD2CD41D2D008D9FAE /* ChatsViewModel.swift */,
			);
			path = Chats;
			sourceTree = "<group>";
		};
		53F48CF02CC6E538009A7FAF /* FilterChat */ = {
			isa = PBXGroup;
			children = (
				53F48CF12CC6E564009A7FAF /* FilterChatCollectionView.swift */,
			);
			path = FilterChat;
			sourceTree = "<group>";
		};
		53F5F5172CBC384200DE6366 = {
			isa = PBXGroup;
			children = (
				53F5F5222CBC384200DE6366 /* whatsAppClone */,
				5394C51F2CD94A1A00B02739 /* whatsAppCloneTests */,
				53F5F5212CBC384200DE6366 /* Products */,
			);
			sourceTree = "<group>";
		};
		53F5F5212CBC384200DE6366 /* Products */ = {
			isa = PBXGroup;
			children = (
				53F5F5202CBC384200DE6366 /* whatsAppClone.app */,
				5394C51E2CD94A1A00B02739 /* whatsAppCloneTests.xctest */,
			);
			name = Products;
			sourceTree = "<group>";
		};
		53F5F5222CBC384200DE6366 /* whatsAppClone */ = {
			isa = PBXGroup;
			children = (
				53E737CA2CD41C97008D9FAE /* ViewModels */,
				53E737BB2CD40459008D9FAE /* Network */,
				538992A52CBDBCAC00FED179 /* Utils */,
				5393FC9D2CBD8D6400BF22D7 /* Resources */,
				53F5F5472CBC57CF00DE6366 /* Models */,
				53F5F53A2CBC3A0200DE6366 /* Commons */,
				53F5F5382CBC389D00DE6366 /* Scenes */,
				53F5F5372CBC388900DE6366 /* App */,
				53F5F52E2CBC384300DE6366 /* LaunchScreen.storyboard */,
				53F5F5312CBC384300DE6366 /* Info.plist */,
			);
			path = whatsAppClone;
			sourceTree = "<group>";
		};
		53F5F5372CBC388900DE6366 /* App */ = {
			isa = PBXGroup;
			children = (
				53F5F5232CBC384200DE6366 /* AppDelegate.swift */,
				53F5F5252CBC384200DE6366 /* SceneDelegate.swift */,
				53E737C32CD405E2008D9FAE /* Environment.swift */,
			);
			path = App;
			sourceTree = "<group>";
		};
		53F5F5382CBC389D00DE6366 /* Scenes */ = {
			isa = PBXGroup;
			children = (
				539051F12CC8287200ADD262 /* Messages */,
				538992A12CBDB60200FED179 /* TabBar */,
				53F5F5392CBC38A900DE6366 /* Home */,
			);
			path = Scenes;
			sourceTree = "<group>";
		};
		53F5F5392CBC38A900DE6366 /* Home */ = {
			isa = PBXGroup;
			children = (
				539051F52CC82A3D00ADD262 /* Delegates */,
				53F48CF02CC6E538009A7FAF /* FilterChat */,
				53F5F5402CBC431900DE6366 /* CustomCells */,
				53F5F5272CBC384200DE6366 /* ChatsViewController.swift */,
				53F5F53D2CBC3AE800DE6366 /* ChatsView.swift */,
			);
			path = Home;
			sourceTree = "<group>";
		};
		53F5F53A2CBC3A0200DE6366 /* Commons */ = {
			isa = PBXGroup;
			children = (
				53F5F53F2CBC419D00DE6366 /* Extensions */,
				53F5F53B2CBC3A1B00DE6366 /* ViewCode.swift */,
				53E737C62CD40615008D9FAE /* Constants.swift */,
			);
			path = Commons;
			sourceTree = "<group>";
		};
		53F5F53F2CBC419D00DE6366 /* Extensions */ = {
			isa = PBXGroup;
			children = (
				53F5F5432CBC4C7D00DE6366 /* UIView+extensions.swift */,
				53F5F5452CBC4D2900DE6366 /* UIStackView+extensions.swift */,
				53F5F54D2CBC5F4400DE6366 /* UImageView+extensions.swift */,
				53D076A92CC02A65002F8F75 /* UIImage+extensions.swift */,
			);
			path = Extensions;
			sourceTree = "<group>";
		};
		53F5F5402CBC431900DE6366 /* CustomCells */ = {
			isa = PBXGroup;
			children = (
				53F5F5412CBC434800DE6366 /* ChatTableViewCell.swift */,
				5300C4A12CC57ADD000E43EB /* FilterChatCollectionViewCell.swift */,
			);
			path = CustomCells;
			sourceTree = "<group>";
		};
		53F5F5472CBC57CF00DE6366 /* Models */ = {
			isa = PBXGroup;
			children = (
				53F5F5482CBC57E300DE6366 /* Talk.swift */,
			);
			path = Models;
			sourceTree = "<group>";
		};
		53F5F54A2CBC593B00DE6366 /* Services */ = {
			isa = PBXGroup;
			children = (
				53E737BC2CD4047C008D9FAE /* Requests */,
				53E737C82CD4085F008D9FAE /* WhatsAppServiceProtocol.swift */,
				53F5F54B2CBC594D00DE6366 /* WhatsAppService.swift */,
			);
			path = Services;
			sourceTree = "<group>";
		};
/* End PBXGroup section */

/* Begin PBXNativeTarget section */
		5394C51D2CD94A1A00B02739 /* whatsAppCloneTests */ = {
			isa = PBXNativeTarget;
			buildConfigurationList = 5394C5242CD94A1A00B02739 /* Build configuration list for PBXNativeTarget "whatsAppCloneTests" */;
			buildPhases = (
				5394C51A2CD94A1A00B02739 /* Sources */,
				5394C51B2CD94A1A00B02739 /* Frameworks */,
				5394C51C2CD94A1A00B02739 /* Resources */,
			);
			buildRules = (
			);
			dependencies = (
				5394C5232CD94A1A00B02739 /* PBXTargetDependency */,
			);
			name = whatsAppCloneTests;
			productName = whatsAppCloneTests;
			productReference = 5394C51E2CD94A1A00B02739 /* whatsAppCloneTests.xctest */;
			productType = "com.apple.product-type.bundle.unit-test";
		};
		53F5F51F2CBC384200DE6366 /* whatsAppClone */ = {
			isa = PBXNativeTarget;
			buildConfigurationList = 53F5F5342CBC384300DE6366 /* Build configuration list for PBXNativeTarget "whatsAppClone" */;
			buildPhases = (
				53F5F51C2CBC384200DE6366 /* Sources */,
				53F5F51D2CBC384200DE6366 /* Frameworks */,
				53F5F51E2CBC384200DE6366 /* Resources */,
			);
			buildRules = (
			);
			dependencies = (
			);
			name = whatsAppClone;
			productName = whatsAppClone;
			productReference = 53F5F5202CBC384200DE6366 /* whatsAppClone.app */;
			productType = "com.apple.product-type.application";
		};
/* End PBXNativeTarget section */

/* Begin PBXProject section */
		53F5F5182CBC384200DE6366 /* Project object */ = {
			isa = PBXProject;
			attributes = {
				BuildIndependentTargetsInParallel = 1;
				LastSwiftUpdateCheck = 1530;
				LastUpgradeCheck = 1530;
				TargetAttributes = {
					5394C51D2CD94A1A00B02739 = {
						CreatedOnToolsVersion = 15.3;
						TestTargetID = 53F5F51F2CBC384200DE6366;
					};
					53F5F51F2CBC384200DE6366 = {
						CreatedOnToolsVersion = 15.3;
					};
				};
			};
			buildConfigurationList = 53F5F51B2CBC384200DE6366 /* Build configuration list for PBXProject "whatsAppClone" */;
			compatibilityVersion = "Xcode 14.0";
			developmentRegion = en;
			hasScannedForEncodings = 0;
			knownRegions = (
				en,
				Base,
			);
			mainGroup = 53F5F5172CBC384200DE6366;
			productRefGroup = 53F5F5212CBC384200DE6366 /* Products */;
			projectDirPath = "";
			projectRoot = "";
			targets = (
				53F5F51F2CBC384200DE6366 /* whatsAppClone */,
				5394C51D2CD94A1A00B02739 /* whatsAppCloneTests */,
			);
		};
/* End PBXProject section */

/* Begin PBXResourcesBuildPhase section */
		5394C51C2CD94A1A00B02739 /* Resources */ = {
			isa = PBXResourcesBuildPhase;
			buildActionMask = 2147483647;
			files = (
			);
			runOnlyForDeploymentPostprocessing = 0;
		};
		53F5F51E2CBC384200DE6366 /* Resources */ = {
			isa = PBXResourcesBuildPhase;
			buildActionMask = 2147483647;
			files = (
				53F5F52D2CBC384300DE6366 /* Assets.xcassets in Resources */,
				53F5F5302CBC384300DE6366 /* Base in Resources */,
			);
			runOnlyForDeploymentPostprocessing = 0;
		};
/* End PBXResourcesBuildPhase section */

/* Begin PBXSourcesBuildPhase section */
		5394C51A2CD94A1A00B02739 /* Sources */ = {
			isa = PBXSourcesBuildPhase;
			buildActionMask = 2147483647;
			files = (
				533276D52CDBD90C003BAFFA /* URLProtocolMock.swift in Sources */,
				5365FDE02CDA8D5600E5CCE3 /* ChatsViewModelTests.swift in Sources */,
				533276D22CDBB511003BAFFA /* WhatsAppServiceTests.swift in Sources */,
				53352B332CDA8E3F00886AB0 /* WhatsAppServiceSpy.swift in Sources */,
				533276D82CDC0FE7003BAFFA /* JsonStringChatResponse.swift in Sources */,
				53352B382CDA9AD900886AB0 /* TalkFixtures.swift in Sources */,
			);
			runOnlyForDeploymentPostprocessing = 0;
		};
		53F5F51C2CBC384200DE6366 /* Sources */ = {
			isa = PBXSourcesBuildPhase;
			buildActionMask = 2147483647;
			files = (
				53F5F5442CBC4C7D00DE6366 /* UIView+extensions.swift in Sources */,
				53F5F5462CBC4D2900DE6366 /* UIStackView+extensions.swift in Sources */,
				53D076AF2CC042D2002F8F75 /* CustomBarNavigationButton.swift in Sources */,
				53F48CF22CC6E564009A7FAF /* FilterChatCollectionView.swift in Sources */,
				532BB43F2CC1848D001D4762 /* NavigationBarButton.swift in Sources */,
				539051F02CC8099F00ADD262 /* FooterTableView.swift in Sources */,
				53E737C22CD40560008D9FAE /* Request.swift in Sources */,
				53D076AD2CC035B2002F8F75 /* CustomButtonsView.swift in Sources */,
				53F5F54C2CBC594D00DE6366 /* WhatsAppService.swift in Sources */,
				53E737C92CD4085F008D9FAE /* WhatsAppServiceProtocol.swift in Sources */,
				53E737C72CD40615008D9FAE /* Constants.swift in Sources */,
				53881D8E2CBDA6B200C5D4FE /* Colors.swift in Sources */,
				53F5F5282CBC384200DE6366 /* ChatsViewController.swift in Sources */,
				538F64ED2CD53B0200ECE7A9 /* FilterChatCollectionViewDelegate.swift in Sources */,
				5393FC9F2CBD92C800BF22D7 /* Images.swift in Sources */,
				53E737BE2CD404A9008D9FAE /* URLRequestProtocol.swift in Sources */,
				53F5F5242CBC384200DE6366 /* AppDelegate.swift in Sources */,
				53E737CE2CD41D2D008D9FAE /* ChatsViewModel.swift in Sources */,
				539051F72CC82A5100ADD262 /* ChatsViewControllerDelegate.swift in Sources */,
				5300C4A22CC57ADD000E43EB /* FilterChatCollectionViewCell.swift in Sources */,
				53F5F54E2CBC5F4400DE6366 /* UImageView+extensions.swift in Sources */,
				53E737C02CD404E4008D9FAE /* HTTPMethod.swift in Sources */,
				53F5F5262CBC384200DE6366 /* SceneDelegate.swift in Sources */,
				53E737C42CD405E2008D9FAE /* Environment.swift in Sources */,
				53F5F5492CBC57E300DE6366 /* Talk.swift in Sources */,
				53F5F5422CBC434800DE6366 /* ChatTableViewCell.swift in Sources */,
				5393FC9C2CBD810E00BF22D7 /* TabBarViewController.swift in Sources */,
				538992A32CBDB62400FED179 /* TabBarItem.swift in Sources */,
				53BD41402CC96D5D00CDCD76 /* CustomGroupPhotoNameNavigationBarView.swift in Sources */,
				53F5F53E2CBC3AE800DE6366 /* ChatsView.swift in Sources */,
				53F5F53C2CBC3A1B00DE6366 /* ViewCode.swift in Sources */,
				53D076AA2CC02A65002F8F75 /* UIImage+extensions.swift in Sources */,
				53E737CC2CD41CA4008D9FAE /* ChatsViewModelProtocol.swift in Sources */,
				53BD41422CC9865700CDCD76 /* MessagesView.swift in Sources */,
				539051F32CC8289000ADD262 /* MessagesViewController.swift in Sources */,
			);
			runOnlyForDeploymentPostprocessing = 0;
		};
/* End PBXSourcesBuildPhase section */

/* Begin PBXTargetDependency section */
		5394C5232CD94A1A00B02739 /* PBXTargetDependency */ = {
			isa = PBXTargetDependency;
			target = 53F5F51F2CBC384200DE6366 /* whatsAppClone */;
			targetProxy = 5394C5222CD94A1A00B02739 /* PBXContainerItemProxy */;
		};
/* End PBXTargetDependency section */

/* Begin PBXVariantGroup section */
		53F5F52E2CBC384300DE6366 /* LaunchScreen.storyboard */ = {
			isa = PBXVariantGroup;
			children = (
				53F5F52F2CBC384300DE6366 /* Base */,
			);
			name = LaunchScreen.storyboard;
			sourceTree = "<group>";
		};
/* End PBXVariantGroup section */

/* Begin XCBuildConfiguration section */
		5394C5252CD94A1A00B02739 /* Debug */ = {
			isa = XCBuildConfiguration;
			buildSettings = {
				BUNDLE_LOADER = "$(TEST_HOST)";
				CODE_SIGN_STYLE = Automatic;
				CURRENT_PROJECT_VERSION = 1;
				DEVELOPMENT_TEAM = QY59Z7GK88;
				GENERATE_INFOPLIST_FILE = YES;
				IPHONEOS_DEPLOYMENT_TARGET = 13.5;
				MARKETING_VERSION = 1.0;
				PRODUCT_BUNDLE_IDENTIFIER = com.rafael.whatsAppCloneTests;
				PRODUCT_NAME = "$(TARGET_NAME)";
				SUPPORTED_PLATFORMS = "iphoneos iphonesimulator";
				SUPPORTS_MACCATALYST = NO;
				SUPPORTS_MAC_DESIGNED_FOR_IPHONE_IPAD = NO;
				SUPPORTS_XR_DESIGNED_FOR_IPHONE_IPAD = NO;
				SWIFT_EMIT_LOC_STRINGS = NO;
				SWIFT_VERSION = 5.0;
				TARGETED_DEVICE_FAMILY = 1;
				TEST_HOST = "$(BUILT_PRODUCTS_DIR)/whatsAppClone.app/$(BUNDLE_EXECUTABLE_FOLDER_PATH)/whatsAppClone";
			};
			name = Debug;
		};
		5394C5262CD94A1A00B02739 /* Release */ = {
			isa = XCBuildConfiguration;
			buildSettings = {
				BUNDLE_LOADER = "$(TEST_HOST)";
				CODE_SIGN_STYLE = Automatic;
				CURRENT_PROJECT_VERSION = 1;
				DEVELOPMENT_TEAM = QY59Z7GK88;
				GENERATE_INFOPLIST_FILE = YES;
				IPHONEOS_DEPLOYMENT_TARGET = 13.5;
				MARKETING_VERSION = 1.0;
				PRODUCT_BUNDLE_IDENTIFIER = com.rafael.whatsAppCloneTests;
				PRODUCT_NAME = "$(TARGET_NAME)";
				SUPPORTED_PLATFORMS = "iphoneos iphonesimulator";
				SUPPORTS_MACCATALYST = NO;
				SUPPORTS_MAC_DESIGNED_FOR_IPHONE_IPAD = NO;
				SUPPORTS_XR_DESIGNED_FOR_IPHONE_IPAD = NO;
				SWIFT_EMIT_LOC_STRINGS = NO;
				SWIFT_VERSION = 5.0;
				TARGETED_DEVICE_FAMILY = 1;
				TEST_HOST = "$(BUILT_PRODUCTS_DIR)/whatsAppClone.app/$(BUNDLE_EXECUTABLE_FOLDER_PATH)/whatsAppClone";
			};
			name = Release;
		};
		53F5F5322CBC384300DE6366 /* Debug */ = {
			isa = XCBuildConfiguration;
			buildSettings = {
				ALWAYS_SEARCH_USER_PATHS = NO;
				ASSETCATALOG_COMPILER_GENERATE_SWIFT_ASSET_SYMBOL_EXTENSIONS = YES;
				CLANG_ANALYZER_NONNULL = YES;
				CLANG_ANALYZER_NUMBER_OBJECT_CONVERSION = YES_AGGRESSIVE;
				CLANG_CXX_LANGUAGE_STANDARD = "gnu++20";
				CLANG_ENABLE_MODULES = YES;
				CLANG_ENABLE_OBJC_ARC = YES;
				CLANG_ENABLE_OBJC_WEAK = YES;
				CLANG_WARN_BLOCK_CAPTURE_AUTORELEASING = YES;
				CLANG_WARN_BOOL_CONVERSION = YES;
				CLANG_WARN_COMMA = YES;
				CLANG_WARN_CONSTANT_CONVERSION = YES;
				CLANG_WARN_DEPRECATED_OBJC_IMPLEMENTATIONS = YES;
				CLANG_WARN_DIRECT_OBJC_ISA_USAGE = YES_ERROR;
				CLANG_WARN_DOCUMENTATION_COMMENTS = YES;
				CLANG_WARN_EMPTY_BODY = YES;
				CLANG_WARN_ENUM_CONVERSION = YES;
				CLANG_WARN_INFINITE_RECURSION = YES;
				CLANG_WARN_INT_CONVERSION = YES;
				CLANG_WARN_NON_LITERAL_NULL_CONVERSION = YES;
				CLANG_WARN_OBJC_IMPLICIT_RETAIN_SELF = YES;
				CLANG_WARN_OBJC_LITERAL_CONVERSION = YES;
				CLANG_WARN_OBJC_ROOT_CLASS = YES_ERROR;
				CLANG_WARN_QUOTED_INCLUDE_IN_FRAMEWORK_HEADER = YES;
				CLANG_WARN_RANGE_LOOP_ANALYSIS = YES;
				CLANG_WARN_STRICT_PROTOTYPES = YES;
				CLANG_WARN_SUSPICIOUS_MOVE = YES;
				CLANG_WARN_UNGUARDED_AVAILABILITY = YES_AGGRESSIVE;
				CLANG_WARN_UNREACHABLE_CODE = YES;
				CLANG_WARN__DUPLICATE_METHOD_MATCH = YES;
				COPY_PHASE_STRIP = NO;
				DEBUG_INFORMATION_FORMAT = dwarf;
				ENABLE_STRICT_OBJC_MSGSEND = YES;
				ENABLE_TESTABILITY = YES;
				ENABLE_USER_SCRIPT_SANDBOXING = YES;
				GCC_C_LANGUAGE_STANDARD = gnu17;
				GCC_DYNAMIC_NO_PIC = NO;
				GCC_NO_COMMON_BLOCKS = YES;
				GCC_OPTIMIZATION_LEVEL = 0;
				GCC_PREPROCESSOR_DEFINITIONS = (
					"DEBUG=1",
					"$(inherited)",
				);
				GCC_WARN_64_TO_32_BIT_CONVERSION = YES;
				GCC_WARN_ABOUT_RETURN_TYPE = YES_ERROR;
				GCC_WARN_UNDECLARED_SELECTOR = YES;
				GCC_WARN_UNINITIALIZED_AUTOS = YES_AGGRESSIVE;
				GCC_WARN_UNUSED_FUNCTION = YES;
				GCC_WARN_UNUSED_VARIABLE = YES;
				IPHONEOS_DEPLOYMENT_TARGET = 17.4;
				LOCALIZATION_PREFERS_STRING_CATALOGS = YES;
				MTL_ENABLE_DEBUG_INFO = INCLUDE_SOURCE;
				MTL_FAST_MATH = YES;
				ONLY_ACTIVE_ARCH = YES;
				SDKROOT = iphoneos;
				SWIFT_ACTIVE_COMPILATION_CONDITIONS = "DEBUG $(inherited)";
				SWIFT_OPTIMIZATION_LEVEL = "-Onone";
			};
			name = Debug;
		};
		53F5F5332CBC384300DE6366 /* Release */ = {
			isa = XCBuildConfiguration;
			buildSettings = {
				ALWAYS_SEARCH_USER_PATHS = NO;
				ASSETCATALOG_COMPILER_GENERATE_SWIFT_ASSET_SYMBOL_EXTENSIONS = YES;
				CLANG_ANALYZER_NONNULL = YES;
				CLANG_ANALYZER_NUMBER_OBJECT_CONVERSION = YES_AGGRESSIVE;
				CLANG_CXX_LANGUAGE_STANDARD = "gnu++20";
				CLANG_ENABLE_MODULES = YES;
				CLANG_ENABLE_OBJC_ARC = YES;
				CLANG_ENABLE_OBJC_WEAK = YES;
				CLANG_WARN_BLOCK_CAPTURE_AUTORELEASING = YES;
				CLANG_WARN_BOOL_CONVERSION = YES;
				CLANG_WARN_COMMA = YES;
				CLANG_WARN_CONSTANT_CONVERSION = YES;
				CLANG_WARN_DEPRECATED_OBJC_IMPLEMENTATIONS = YES;
				CLANG_WARN_DIRECT_OBJC_ISA_USAGE = YES_ERROR;
				CLANG_WARN_DOCUMENTATION_COMMENTS = YES;
				CLANG_WARN_EMPTY_BODY = YES;
				CLANG_WARN_ENUM_CONVERSION = YES;
				CLANG_WARN_INFINITE_RECURSION = YES;
				CLANG_WARN_INT_CONVERSION = YES;
				CLANG_WARN_NON_LITERAL_NULL_CONVERSION = YES;
				CLANG_WARN_OBJC_IMPLICIT_RETAIN_SELF = YES;
				CLANG_WARN_OBJC_LITERAL_CONVERSION = YES;
				CLANG_WARN_OBJC_ROOT_CLASS = YES_ERROR;
				CLANG_WARN_QUOTED_INCLUDE_IN_FRAMEWORK_HEADER = YES;
				CLANG_WARN_RANGE_LOOP_ANALYSIS = YES;
				CLANG_WARN_STRICT_PROTOTYPES = YES;
				CLANG_WARN_SUSPICIOUS_MOVE = YES;
				CLANG_WARN_UNGUARDED_AVAILABILITY = YES_AGGRESSIVE;
				CLANG_WARN_UNREACHABLE_CODE = YES;
				CLANG_WARN__DUPLICATE_METHOD_MATCH = YES;
				COPY_PHASE_STRIP = NO;
				DEBUG_INFORMATION_FORMAT = "dwarf-with-dsym";
				ENABLE_NS_ASSERTIONS = NO;
				ENABLE_STRICT_OBJC_MSGSEND = YES;
				ENABLE_USER_SCRIPT_SANDBOXING = YES;
				GCC_C_LANGUAGE_STANDARD = gnu17;
				GCC_NO_COMMON_BLOCKS = YES;
				GCC_WARN_64_TO_32_BIT_CONVERSION = YES;
				GCC_WARN_ABOUT_RETURN_TYPE = YES_ERROR;
				GCC_WARN_UNDECLARED_SELECTOR = YES;
				GCC_WARN_UNINITIALIZED_AUTOS = YES_AGGRESSIVE;
				GCC_WARN_UNUSED_FUNCTION = YES;
				GCC_WARN_UNUSED_VARIABLE = YES;
				IPHONEOS_DEPLOYMENT_TARGET = 17.4;
				LOCALIZATION_PREFERS_STRING_CATALOGS = YES;
				MTL_ENABLE_DEBUG_INFO = NO;
				MTL_FAST_MATH = YES;
				SDKROOT = iphoneos;
				SWIFT_COMPILATION_MODE = wholemodule;
				VALIDATE_PRODUCT = YES;
			};
			name = Release;
		};
		53F5F5352CBC384300DE6366 /* Debug */ = {
			isa = XCBuildConfiguration;
			buildSettings = {
				ASSETCATALOG_COMPILER_APPICON_NAME = AppIcon;
				ASSETCATALOG_COMPILER_GLOBAL_ACCENT_COLOR_NAME = AccentColor;
				CODE_SIGN_STYLE = Automatic;
				CURRENT_PROJECT_VERSION = 1;
				DEVELOPMENT_TEAM = QY59Z7GK88;
				GENERATE_INFOPLIST_FILE = YES;
				INFOPLIST_FILE = whatsAppClone/Info.plist;
				INFOPLIST_KEY_CFBundleDisplayName = WhatsApp;
				INFOPLIST_KEY_LSApplicationCategoryType = "public.app-category.social-networking";
				INFOPLIST_KEY_UIApplicationSupportsIndirectInputEvents = YES;
				INFOPLIST_KEY_UILaunchStoryboardName = LaunchScreen;
				INFOPLIST_KEY_UISupportedInterfaceOrientations = UIInterfaceOrientationPortrait;
				INFOPLIST_KEY_UISupportedInterfaceOrientations_iPad = "UIInterfaceOrientationLandscapeLeft UIInterfaceOrientationLandscapeRight UIInterfaceOrientationPortrait UIInterfaceOrientationPortraitUpsideDown";
				IPHONEOS_DEPLOYMENT_TARGET = 13.5;
				LD_RUNPATH_SEARCH_PATHS = (
					"$(inherited)",
					"@executable_path/Frameworks",
				);
				MARKETING_VERSION = 1.0;
				PRODUCT_BUNDLE_IDENTIFIER = com.rafael.whatsAppClone;
				PRODUCT_NAME = "$(TARGET_NAME)";
				SUPPORTED_PLATFORMS = "iphoneos iphonesimulator";
				SUPPORTS_MACCATALYST = NO;
				SUPPORTS_MAC_DESIGNED_FOR_IPHONE_IPAD = NO;
				SUPPORTS_XR_DESIGNED_FOR_IPHONE_IPAD = NO;
				SWIFT_EMIT_LOC_STRINGS = YES;
				SWIFT_VERSION = 5.0;
				TARGETED_DEVICE_FAMILY = 1;
			};
			name = Debug;
		};
		53F5F5362CBC384300DE6366 /* Release */ = {
			isa = XCBuildConfiguration;
			buildSettings = {
				ASSETCATALOG_COMPILER_APPICON_NAME = AppIcon;
				ASSETCATALOG_COMPILER_GLOBAL_ACCENT_COLOR_NAME = AccentColor;
				CODE_SIGN_STYLE = Automatic;
				CURRENT_PROJECT_VERSION = 1;
				DEVELOPMENT_TEAM = QY59Z7GK88;
				GENERATE_INFOPLIST_FILE = YES;
				INFOPLIST_FILE = whatsAppClone/Info.plist;
				INFOPLIST_KEY_CFBundleDisplayName = WhatsApp;
				INFOPLIST_KEY_LSApplicationCategoryType = "public.app-category.social-networking";
				INFOPLIST_KEY_UIApplicationSupportsIndirectInputEvents = YES;
				INFOPLIST_KEY_UILaunchStoryboardName = LaunchScreen;
				INFOPLIST_KEY_UISupportedInterfaceOrientations = UIInterfaceOrientationPortrait;
				INFOPLIST_KEY_UISupportedInterfaceOrientations_iPad = "UIInterfaceOrientationLandscapeLeft UIInterfaceOrientationLandscapeRight UIInterfaceOrientationPortrait UIInterfaceOrientationPortraitUpsideDown";
				IPHONEOS_DEPLOYMENT_TARGET = 13.5;
				LD_RUNPATH_SEARCH_PATHS = (
					"$(inherited)",
					"@executable_path/Frameworks",
				);
				MARKETING_VERSION = 1.0;
				PRODUCT_BUNDLE_IDENTIFIER = com.rafael.whatsAppClone;
				PRODUCT_NAME = "$(TARGET_NAME)";
				SUPPORTED_PLATFORMS = "iphoneos iphonesimulator";
				SUPPORTS_MACCATALYST = NO;
				SUPPORTS_MAC_DESIGNED_FOR_IPHONE_IPAD = NO;
				SUPPORTS_XR_DESIGNED_FOR_IPHONE_IPAD = NO;
				SWIFT_EMIT_LOC_STRINGS = YES;
				SWIFT_VERSION = 5.0;
				TARGETED_DEVICE_FAMILY = 1;
			};
			name = Release;
		};
/* End XCBuildConfiguration section */

/* Begin XCConfigurationList section */
		5394C5242CD94A1A00B02739 /* Build configuration list for PBXNativeTarget "whatsAppCloneTests" */ = {
			isa = XCConfigurationList;
			buildConfigurations = (
				5394C5252CD94A1A00B02739 /* Debug */,
				5394C5262CD94A1A00B02739 /* Release */,
			);
			defaultConfigurationIsVisible = 0;
			defaultConfigurationName = Release;
		};
		53F5F51B2CBC384200DE6366 /* Build configuration list for PBXProject "whatsAppClone" */ = {
			isa = XCConfigurationList;
			buildConfigurations = (
				53F5F5322CBC384300DE6366 /* Debug */,
				53F5F5332CBC384300DE6366 /* Release */,
			);
			defaultConfigurationIsVisible = 0;
			defaultConfigurationName = Release;
		};
		53F5F5342CBC384300DE6366 /* Build configuration list for PBXNativeTarget "whatsAppClone" */ = {
			isa = XCConfigurationList;
			buildConfigurations = (
				53F5F5352CBC384300DE6366 /* Debug */,
				53F5F5362CBC384300DE6366 /* Release */,
			);
			defaultConfigurationIsVisible = 0;
			defaultConfigurationName = Release;
		};
/* End XCConfigurationList section */
	};
	rootObject = 53F5F5182CBC384200DE6366 /* Project object */;
}
